
Microsoft Visual Studio Solution File, Format Version 12.00
# Visual Studio Version 17
VisualStudioVersion = 17.13.35931.197 d17.13
MinimumVisualStudioVersion = 10.0.40219.1
Project("{FAE04EC0-301F-11D3-BF4B-00C04F79EFBC}") = "PurchaseManagement.API", "PurchaseManagement.API\PurchaseManagement.API.csproj", "{F3F4E29F-F578-40F9-A5C8-F0816C15BCAA}"
EndProject
Global
	GlobalSection(SolutionConfigurationPlatforms) = preSolution
		Debug|Any CPU = Debug|Any CPU
		Release|Any CPU = Release|Any CPU
	EndGlobalSection
	GlobalSection(ProjectConfigurationPlatforms) = postSolution
		{F3F4E29F-F578-40F9-A5C8-F0816C15BCAA}.Debug|Any CPU.ActiveCfg = Debug|Any CPU
		{F3F4E29F-F578-40F9-A5C8-F0816C15BCAA}.Debug|Any CPU.Build.0 = Debug|Any CPU
		{F3F4E29F-F578-40F9-A5C8-F0816C15BCAA}.Release|Any CPU.ActiveCfg = Release|Any CPU
		{F3F4E29F-F578-40F9-A5C8-F0816C15BCAA}.Release|Any CPU.Build.0 = Release|Any CPU
	EndGlobalSection
	GlobalSection(SolutionProperties) = preSolution
		HideSolutionNode = FALSE
	EndGlobalSection
	GlobalSection(ExtensibilityGlobals) = postSolution
		SolutionGuid = {0B5CE547-67F7-49DD-8174-E2A8BE879BA3}
	EndGlobalSection
EndGlobal
